
Microsoft Visual Studio Solution File, Format Version 12.00
# Visual Studio Version 17
VisualStudioVersion = 17.7.34024.191
MinimumVisualStudioVersion = 10.0.40219.1
Project("{FAE04EC0-301F-11D3-BF4B-00C04F79EFBC}") = "cakes", "cakes\cakes.csproj", "{0C5CEE53-1D89-4145-8F34-2C889825075F}"
EndProject
Global
	GlobalSection(SolutionConfigurationPlatforms) = preSolution
		Debug|Any CPU = Debug|Any CPU
		Release|Any CPU = Release|Any CPU
	EndGlobalSection
	GlobalSection(ProjectConfigurationPlatforms) = postSolution
		{0C5CEE53-1D89-4145-8F34-2C889825075F}.Debug|Any CPU.ActiveCfg = Debug|Any CPU
		{0C5CEE53-1D89-4145-8F34-2C889825075F}.Debug|Any CPU.Build.0 = Debug|Any CPU
		{0C5CEE53-1D89-4145-8F34-2C889825075F}.Release|Any CPU.ActiveCfg = Release|Any CPU
		{0C5CEE53-1D89-4145-8F34-2C889825075F}.Release|Any CPU.Build.0 = Release|Any CPU
	EndGlobalSection
	GlobalSection(SolutionProperties) = preSolution
		HideSolutionNode = FALSE
	EndGlobalSection
	GlobalSection(ExtensibilityGlobals) = postSolution
		SolutionGuid = {5D721977-E276-44F1-8CB1-05E4745B281A}
	EndGlobalSection
EndGlobal
